github.com/andybalholm/brotli v1.0.5 h1:8uQZIdzKmjc/iuPu7O2ioW48L81FgatrcpfFmiq/cCs=
github.com/andybalholm/brotli v1.0.5/go.mod h1:fO7iG3H7G2nSZ7m0zPUDn85XEX2GTukHGRSepvi9Eig=
github.com/araddon/dateparse v0.0.0-20210429162001-6b43995a97de h1:FxWPpzIjnTlhPwqqXc4/vE0f7GvRjuAsbW+HOIe8KnA=
github.com/araddon/dateparse v0.0.0-20210429162001-6b43995a97de/go.mod h1:DCaWoUhZrYW9p1lxo/cm8EmUOOzAPSEZNGF2DK1dJgw=
github.com/aws/aws-sdk-go-v2 v1.21.0 h1:gMT0IW+03wtYJhRqTVYn0wLzwdnK9sRMcxmtfGzRdJc=
github.com/aws/aws-sdk-go-v2 v1.21.0/go.mod h1:/RfNgGmRxI+iFOB1OeJUyxiU+9s88k3pfHvDagGEp0M=
github.com/aws/aws-sdk-go-v2/aws/protocol/eventstream v1.4.13 h1:OPLEkmhXf6xFPiz0bLeDArZIDx1NNS4oJyG4nv3Gct0=
github.com/aws/aws-sdk-go-v2/aws/protocol/eventstream v1.4.13/go.mod h1:gpAbvyDGQFozTEmlTFO8XcQKHzubdq0LzRyJpG6MiXM=
github.com/aws/aws-sdk-go-v2/credentials v1.13.38 h1:gDAuCdVlA4lmmgQhvpZlscwicloCqH44vkxLklGkQLA=
github.com/aws/aws-sdk-go-v2/credentials v1.13.38/go.mod h1:sD4G/Ybgp6s89mWIES3Xn97CsRLpxvz9uVSdv0UxY8I=
github.com/aws/aws-sdk-go-v2/feature/ec2/imds v1.13.11 h1:uDZJF1hu0EVT/4bogChk8DyjSF6fof6uL/0Y26Ma7Fg=
github.com/aws/aws-sdk-go-v2/feature/ec2/imds v1.13.11/go.mod h1:TEPP4tENqBGO99KwVpV9MlOX4NSrSLP8u3KRy2CDwA8=
github.com/aws/aws-sdk-go-v2/internal/configsources v1.1.41 h1:22dGT7PneFMx4+b3pz7lMTRyN8ZKH7M2cW4GP9yUS2g=
github.com/aws/aws-sdk-go-v2/internal/configsources v1.1.41/go.mod h1:CrObHAuPneJBlfEJ5T3szXOUkLEThaGfvnhTf33buas=
github.com/aws/aws-sdk-go-v2/internal/endpoints/v2 v2.4.35 h1:SijA0mgjV8E+8G45ltVHs0fvKpTj8xmZJ3VwhGKtUSI=
github.com/aws/aws-sdk-go-v2/internal/endpoints/v2 v2.4.35/go.mod h1:SJC1nEVVva1g3pHAIdCp7QsRIkMmLAgoDquQ9Rr8kYw=
github.com/aws/aws-sdk-go-v2/internal/v4a v1.1.4 h1:6lJvvkQ9HmbHZ4h/IEwclwv2mrTW8Uq1SOB/kXy0mfw=
github.com/aws/aws-sdk-go-v2/internal/v4a v1.1.4/go.mod h1:1PrKYwxTM+zjpw9Y41KFtoJCQrJ34Z47Y4VgVbfndjo=
github.com/aws/aws-sdk-go-v2/service/internal/accept-encoding v1.9.14 h1:m0QTSI6pZYJTk5WSKx3fm5cNW/DCicVzULBgU/6IyD0=
github.com/aws/aws-sdk-go-v2/service/internal/accept-encoding v1.9.14/go.mod h1:dDilntgHy9WnHXsh7dDtUPgHKEfTJIBUTHM8OWm0f/0=
github.com/aws/aws-sdk-go-v2/service/internal/checksum v1.1.36 h1:eev2yZX7esGRjqRbnVk1UxMLw4CyVZDpZXRCcy75oQk=
github.com/aws/aws-sdk-go-v2/service/internal/checksum v1.1.36/go.mod h1:lGnOkH9NJATw0XEPcAknFBj3zzNTEGRHtSw+CwC1YTg=
github.com/aws/aws-sdk-go-v2/service/internal/presigned-url v1.9.35 h1:CdzPW9kKitgIiLV1+MHobfR5Xg25iYnyzWZhyQuSlDI=
github.com/aws/aws-sdk-go-v2/service/internal/presigned-url v1.9.35/go.mod h1:QGF2Rs33W5MaN9gYdEQOBBFPLwTZkEhRwI33f7KIG0o=
github.com/aws/aws-sdk-go-v2/service/internal/s3shared v1.15.4 h1:v0jkRigbSD6uOdwcaUQmgEwG1BkPfAPDqaeNt/29ghg=
github.com/aws/aws-sdk-go-v2/service/internal/s3shared v1.15.4/go.mod h1:LhTyt8J04LL+9cIt7pYJ5lbS/U98ZmXovLOR/4LUsk8=
github.com/aws/aws-sdk-go-v2/service/s3 v1.38.5 h1:A42xdtStObqy7NGvzZKpnyNXvoOmm+FENobZ0/ssHWk=
github.com/aws/aws-sdk-go-v2/service/s3 v1.38.5/go.mod h1:rDGMZA7f4pbmTtPOk5v5UM2lmX6UAbRnMDJeDvnH7AM=
github.com/aws/aws-sdk-go-v2/service/sso v1.14.0/go.mod h1:fIAwKQKBFu90pBxx07BFOMJLpRUGu8VOzLJakeY+0K4=
github.com/aws/aws-sdk-go-v2/service/ssooidc v1.16.0/go.mod h1:yygr8ACQRY2PrEcy3xsUI357stq2AxnFM6DIsR9lij4=
github.com/aws/aws-sdk-go-v2/service/sts v1.22.0/go.mod h1:VC7JDqsqiwXukYEDjoHh9U0fOJtNWh04FPQz4ct4GGU=
github.com/aws/smithy-go v1.14.2 h1:MJU9hqBGbvWZdApzpvoF2WAIJDbtjK2NDJSiJP7HblQ=
github.com/aws/smithy-go v1.14.2/go.mod h1:Tg+OJXh4MB2R/uN61Ko2f6hTZwB/ZYGOtib8J3gBHzA=
github.com/cymertek/go-big v0.0.0-20221028234842-57aba6a92118 h1:sAOj2wqCcVkDVCJv0K0vNb5a7oXl99x4SfS6VJ8X+1A=
github.com/cymertek/go-big v0.0.0-20221028234842-57aba6a92118/go.mod h1:TZYlBarKGuOYqzwy7CD9iGlBLTpmGCvJnqKtDFJMPcQ=
github.com/davecgh/go-spew v1.1.0 h1:ZDRjVQ15GmhC3fiQ8ni8+OwkZQO4DARzQgrnXU1Liz8=
github.com/davecgh/go-spew v1.1.0/go.mod h1:J7Y8YcW2NihsgmVo/mv3lAwl/skON4iLHjSsI+c5H38=
github.com/google/go-cmp v0.5.8 h1:e6P7q2lk1O+qJJb4BtCQXlK8vWEO8V1ZeuEdJNOqZyg=
github.com/google/go-cmp v0.5.8/go.mod h1:17dUlkBOakJ0+DkrSSNjCkIjxS6bF9zb3elmeNGIjoY=
github.com/jmespath/go-jmespath v0.4.0/go.mod h1:T8mJZnbsbmF+m6zOOFylbeCJqk5+pHWvzYPziyZiYoo=
github.com/jmespath/go-jmespath/internal/testify v1.5.1/go.mod h1:L3OGu8Wl2/fWfCI6z80xFu9LTZmf1ZRjMHUOPmWr69U=
github.com/klauspost/compress v1.16.3 h1:XuJt9zzcnaz6a16/OU53ZjWp/v7/42WcR5t2a0PcNQY=
github.com/klauspost/compress v1.16.3/go.mod h1:ntbaceVETuRiXiv4DpjP66DpAtAGkEQskQzEyD//IeE=
github.com/mattn/go-runewidth v0.0.10/go.mod h1:RAqKPSqVFrSLVXbA8x7dzmKdmGzieGRCM46jaSJTDAk=
github.com/pmezard/go-difflib v1.0.0 h1:4DBwDE0NGyQoBHbLQYPwSUPoCMWR5BEzIk/f1lZbAQM=
github.com/pmezard/go-difflib v1.0.0/go.mod h1:iKH77koFhYxTK1pcRnkKkqfTogsbg7gZNVY4sRDYZ/4=
github.com/pschou/go-convert/bin v0.0.0-20230315170244-4707bf44a557 h1:p7TqHd0L/i9/YAI81ScQXwFTTJMMPuEiDETWcL3aNwM=
github.com/pschou/go-convert/bin v0.0.0-20230315170244-4707bf44a557/go.mod h1:wWFEKYfCDfo/YwSESulstgYZ23Let7Rm5s8NWBrZihc=
github.com/pschou/go-sorting/numstr v0.0.0-20230926171104-73c9f807d196 h1:kjYOIDEDImYckFIB1DknZrLQaHUAKaADISEKGDdtMvk=
github.com/pschou/go-sorting/numstr v0.0.0-20230926171104-73c9f807d196/go.mod h1:a31xFqyNamV1xh89pQLw9bLm0NClaBLZApDJ2OR7xHk=
github.com/remeh/sizedwaitgroup v1.0.0 h1:VNGGFwNo/R5+MJBf6yrsr110p0m4/OX4S3DCy7Kyl5E=
github.com/remeh/sizedwaitgroup v1.0.0/go.mod h1:3j2R4OIe/SeS6YDhICBy22RWjJC5eNCJ1V+9+NVNYlo=
github.com/rivo/uniseg v0.1.0/go.mod h1:J6wj4VEh+S6ZtnVlnTBMWIodfgj8LQOQFoIToxlJtxc=
github.com/scylladb/termtables v0.0.0-20191203121021-c4c0b6d42ff4/go.mod h1:C1a7PQSMz9NShzorzCiG2fk9+xuCgLkPeCvMHYR2OWg=
github.com/stretchr/objx v0.1.0/go.mod h1:HFkY916IF+rwdDfMAkV7OtwuqBVzrE8GR6GFx+wExME=
github.com/stretchr/testify v1.7.0 h1:nwc3DEeHmmLAfoZucVR881uASk0Mfjw8xYJ99tb5CcY=
github.com/stretchr/testify v1.7.0/go.mod h1:6Fq8oRcR53rry900zMqJjRRixrwX3KX962/h/Wwjteg=
github.com/valyala/bytebufferpool v1.0.0 h1:GqA5TC/0021Y/b9FG4Oi9Mr3q7XYx6KllzawFIhcdPw=
github.com/valyala/bytebufferpool v1.0.0/go.mod h1:6bBcMArwyJ5K/AmCkWv1jt77kVWyCJ6HpOuEn7z0Csc=
github.com/valyala/fasthttp v1.50.0 h1:H7fweIlBm0rXLs2q0XbalvJ6r0CUPFWK3/bB4N13e9M=
github.com/valyala/fasthttp v1.50.0/go.mod h1:k2zXd82h/7UZc3VOdJ2WaUqt1uZ/XpXAfE9i+HBC3lA=
golang.org/x/sys v0.6.0 h1:MVltZSvRTcU2ljQOhs94SXPftV6DCNnZViHeQps87pQ=
golang.org/x/sys v0.6.0/go.mod h1:oPkhp1MJrh7nUepCBck5+mAzfO9JrbApNNgaTdGDITg=
gopkg.in/check.v1 v0.0.0-20161208181325-20d25e280405/go.mod h1:Co6ibVJAznAaIkqp8huTwlJQCZ016jof/cbN4VW5Yz0=
gopkg.in/yaml.v2 v2.2.8/go.mod h1:hI93XBmqTisBFMUTm0b8Fm+jr3Dg1NNxqwp+5A1VGuI=
gopkg.in/yaml.v3 v3.0.0-20200313102051-9f266ea9e77c h1:dUUwHk2QECo/6vqA44rthZ8ie2QXMNeKRTHCNY2nXvo=
gopkg.in/yaml.v3 v3.0.0-20200313102051-9f266ea9e77c/go.mod h1:K4uyk7z7BCEPqu6E+C64Yfv1cQ7kz7rIZviUmN+EgEM=
